// !$*UTF8*$!
{
	archiveVersion = 1;
	classes = {
	};
	objectVersion = 55;
	objects = {

/* Begin PBXBuildFile section */
		A2BB55B227F8793A00FB932E /* AppDelegate.swift in Sources */ = {isa = PBXBuildFile; fileRef = A2BB55B127F8793A00FB932E /* AppDelegate.swift */; };
		A2BB55B427F8793A00FB932E /* SceneDelegate.swift in Sources */ = {isa = PBXBuildFile; fileRef = A2BB55B327F8793A00FB932E /* SceneDelegate.swift */; };
		A2BB55B627F8793A00FB932E /* SignInViewController.swift in Sources */ = {isa = PBXBuildFile; fileRef = A2BB55B527F8793A00FB932E /* SignInViewController.swift */; };
		A2BB55B927F8793A00FB932E /* Main.storyboard in Resources */ = {isa = PBXBuildFile; fileRef = A2BB55B727F8793A00FB932E /* Main.storyboard */; };
		A2BB55BB27F8794000FB932E /* Assets.xcassets in Resources */ = {isa = PBXBuildFile; fileRef = A2BB55BA27F8794000FB932E /* Assets.xcassets */; };
		A2BB55BE27F8794000FB932E /* LaunchScreen.storyboard in Resources */ = {isa = PBXBuildFile; fileRef = A2BB55BC27F8794000FB932E /* LaunchScreen.storyboard */; };
		A2BB55CA27FA281E00FB932E /* HeroesViewController.swift in Sources */ = {isa = PBXBuildFile; fileRef = A2BB55C927FA281E00FB932E /* HeroesViewController.swift */; };
		A2BB55CE27FA2B8A00FB932E /* GoogleService-Info.plist in Resources */ = {isa = PBXBuildFile; fileRef = A2BB55CD27FA2B8900FB932E /* GoogleService-Info.plist */; };
		A2BB55D127FA2D6800FB932E /* FirebaseAuth in Frameworks */ = {isa = PBXBuildFile; productRef = A2BB55D027FA2D6800FB932E /* FirebaseAuth */; };
		A2BB55D327FA2D6800FB932E /* FirebaseFirestore in Frameworks */ = {isa = PBXBuildFile; productRef = A2BB55D227FA2D6800FB932E /* FirebaseFirestore */; };
		A2BB55D927FA4C2900FB932E /* MarvelManager.swift in Sources */ = {isa = PBXBuildFile; fileRef = A2BB55D827FA4C2900FB932E /* MarvelManager.swift */; };
		A2BB55DB27FA4CB200FB932E /* MarvelCharacterData.swift in Sources */ = {isa = PBXBuildFile; fileRef = A2BB55DA27FA4CB200FB932E /* MarvelCharacterData.swift */; };
		A2BB55DD27FA6DC700FB932E /* MarvelEventsData.swift in Sources */ = {isa = PBXBuildFile; fileRef = A2BB55DC27FA6DC700FB932E /* MarvelEventsData.swift */; };
		A2BB55DF27FB242800FB932E /* CharacterModel.swift in Sources */ = {isa = PBXBuildFile; fileRef = A2BB55DE27FB242800FB932E /* CharacterModel.swift */; };
		A2BB55E127FB2F4000FB932E /* EventsViewController.swift in Sources */ = {isa = PBXBuildFile; fileRef = A2BB55E027FB2F4000FB932E /* EventsViewController.swift */; };
		A2BB55E327FB30B100FB932E /* EventsModel.swift in Sources */ = {isa = PBXBuildFile; fileRef = A2BB55E227FB30B100FB932E /* EventsModel.swift */; };
		A2BB55E627FB843E00FB932E /* CharacterCell.swift in Sources */ = {isa = PBXBuildFile; fileRef = A2BB55E427FB843E00FB932E /* CharacterCell.swift */; };
		A2BB55E727FB843E00FB932E /* CharacterCell.xib in Resources */ = {isa = PBXBuildFile; fileRef = A2BB55E527FB843E00FB932E /* CharacterCell.xib */; };
/* End PBXBuildFile section */

/* Begin PBXFileReference section */
		A2BB55AE27F8793A00FB932E /* MarvelChallengeIT.app */ = {isa = PBXFileReference; explicitFileType = wrapper.application; includeInIndex = 0; path = MarvelChallengeIT.app; sourceTree = BUILT_PRODUCTS_DIR; };
		A2BB55B127F8793A00FB932E /* AppDelegate.swift */ = {isa = PBXFileReference; lastKnownFileType = sourcecode.swift; path = AppDelegate.swift; sourceTree = "<group>"; };
		A2BB55B327F8793A00FB932E /* SceneDelegate.swift */ = {isa = PBXFileReference; lastKnownFileType = sourcecode.swift; path = SceneDelegate.swift; sourceTree = "<group>"; };
		A2BB55B527F8793A00FB932E /* SignInViewController.swift */ = {isa = PBXFileReference; lastKnownFileType = sourcecode.swift; path = SignInViewController.swift; sourceTree = "<group>"; };
		A2BB55B827F8793A00FB932E /* Base */ = {isa = PBXFileReference; lastKnownFileType = file.storyboard; name = Base; path = Base.lproj/Main.storyboard; sourceTree = "<group>"; };
		A2BB55BA27F8794000FB932E /* Assets.xcassets */ = {isa = PBXFileReference; lastKnownFileType = folder.assetcatalog; path = Assets.xcassets; sourceTree = "<group>"; };
		A2BB55BD27F8794000FB932E /* Base */ = {isa = PBXFileReference; lastKnownFileType = file.storyboard; name = Base; path = Base.lproj/LaunchScreen.storyboard; sourceTree = "<group>"; };
		A2BB55BF27F8794000FB932E /* Info.plist */ = {isa = PBXFileReference; lastKnownFileType = text.plist.xml; path = Info.plist; sourceTree = "<group>"; };
		A2BB55C927FA281E00FB932E /* HeroesViewController.swift */ = {isa = PBXFileReference; lastKnownFileType = sourcecode.swift; path = HeroesViewController.swift; sourceTree = "<group>"; };
		A2BB55CD27FA2B8900FB932E /* GoogleService-Info.plist */ = {isa = PBXFileReference; fileEncoding = 4; lastKnownFileType = text.plist.xml; path = "GoogleService-Info.plist"; sourceTree = "<group>"; };
		A2BB55D827FA4C2900FB932E /* MarvelManager.swift */ = {isa = PBXFileReference; lastKnownFileType = sourcecode.swift; path = MarvelManager.swift; sourceTree = "<group>"; };
		A2BB55DA27FA4CB200FB932E /* MarvelCharacterData.swift */ = {isa = PBXFileReference; lastKnownFileType = sourcecode.swift; path = MarvelCharacterData.swift; sourceTree = "<group>"; };
		A2BB55DC27FA6DC700FB932E /* MarvelEventsData.swift */ = {isa = PBXFileReference; lastKnownFileType = sourcecode.swift; path = MarvelEventsData.swift; sourceTree = "<group>"; };
		A2BB55DE27FB242800FB932E /* CharacterModel.swift */ = {isa = PBXFileReference; lastKnownFileType = sourcecode.swift; path = CharacterModel.swift; sourceTree = "<group>"; };
		A2BB55E027FB2F4000FB932E /* EventsViewController.swift */ = {isa = PBXFileReference; lastKnownFileType = sourcecode.swift; path = EventsViewController.swift; sourceTree = "<group>"; };
		A2BB55E227FB30B100FB932E /* EventsModel.swift */ = {isa = PBXFileReference; lastKnownFileType = sourcecode.swift; path = EventsModel.swift; sourceTree = "<group>"; };
		A2BB55E427FB843E00FB932E /* CharacterCell.swift */ = {isa = PBXFileReference; lastKnownFileType = sourcecode.swift; path = CharacterCell.swift; sourceTree = "<group>"; };
		A2BB55E527FB843E00FB932E /* CharacterCell.xib */ = {isa = PBXFileReference; lastKnownFileType = file.xib; path = CharacterCell.xib; sourceTree = "<group>"; };
/* End PBXFileReference section */

/* Begin PBXFrameworksBuildPhase section */
		A2BB55AB27F8793A00FB932E /* Frameworks */ = {
			isa = PBXFrameworksBuildPhase;
			buildActionMask = 2147483647;
			files = (
				A2BB55D127FA2D6800FB932E /* FirebaseAuth in Frameworks */,
				A2BB55D327FA2D6800FB932E /* FirebaseFirestore in Frameworks */,
			);
			runOnlyForDeploymentPostprocessing = 0;
		};
/* End PBXFrameworksBuildPhase section */

/* Begin PBXGroup section */
		A2BB55A527F8793A00FB932E = {
			isa = PBXGroup;
			children = (
				A2BB55B027F8793A00FB932E /* MarvelChallengeIT */,
				A2BB55AF27F8793A00FB932E /* Products */,
			);
			sourceTree = "<group>";
		};
		A2BB55AF27F8793A00FB932E /* Products */ = {
			isa = PBXGroup;
			children = (
				A2BB55AE27F8793A00FB932E /* MarvelChallengeIT.app */,
			);
			name = Products;
			sourceTree = "<group>";
		};
		A2BB55B027F8793A00FB932E /* MarvelChallengeIT */ = {
			isa = PBXGroup;
			children = (
				A2BB55B127F8793A00FB932E /* AppDelegate.swift */,
				A2BB55B327F8793A00FB932E /* SceneDelegate.swift */,
				A2BB55C727F889A900FB932E /* Model */,
				A2BB55C627F8899B00FB932E /* View */,
				A2BB55C527F8898F00FB932E /* Controler */,
				A2BB55BA27F8794000FB932E /* Assets.xcassets */,
				A2BB55BC27F8794000FB932E /* LaunchScreen.storyboard */,
				A2BB55BF27F8794000FB932E /* Info.plist */,
				A2BB55CD27FA2B8900FB932E /* GoogleService-Info.plist */,
			);
			path = MarvelChallengeIT;
			sourceTree = "<group>";
		};
		A2BB55C527F8898F00FB932E /* Controler */ = {
			isa = PBXGroup;
			children = (
				A2BB55B527F8793A00FB932E /* SignInViewController.swift */,
				A2BB55C927FA281E00FB932E /* HeroesViewController.swift */,
				A2BB55E027FB2F4000FB932E /* EventsViewController.swift */,
			);
			path = Controler;
			sourceTree = "<group>";
		};
		A2BB55C627F8899B00FB932E /* View */ = {
			isa = PBXGroup;
			children = (
				A2BB55B727F8793A00FB932E /* Main.storyboard */,
				A2BB55E427FB843E00FB932E /* CharacterCell.swift */,
				A2BB55E527FB843E00FB932E /* CharacterCell.xib */,
			);
			path = View;
			sourceTree = "<group>";
		};
		A2BB55C727F889A900FB932E /* Model */ = {
			isa = PBXGroup;
			children = (
				A2BB55D827FA4C2900FB932E /* MarvelManager.swift */,
				A2BB55DA27FA4CB200FB932E /* MarvelCharacterData.swift */,
				A2BB55DC27FA6DC700FB932E /* MarvelEventsData.swift */,
				A2BB55DE27FB242800FB932E /* CharacterModel.swift */,
				A2BB55E227FB30B100FB932E /* EventsModel.swift */,
			);
			path = Model;
			sourceTree = "<group>";
		};
/* End PBXGroup section */

/* Begin PBXNativeTarget section */
		A2BB55AD27F8793A00FB932E /* MarvelChallengeIT */ = {
			isa = PBXNativeTarget;
			buildConfigurationList = A2BB55C227F8794000FB932E /* Build configuration list for PBXNativeTarget "MarvelChallengeIT" */;
			buildPhases = (
				A2BB55AA27F8793A00FB932E /* Sources */,
				A2BB55AB27F8793A00FB932E /* Frameworks */,
				A2BB55AC27F8793A00FB932E /* Resources */,
			);
			buildRules = (
			);
			dependencies = (
			);
			name = MarvelChallengeIT;
			packageProductDependencies = (
				A2BB55D027FA2D6800FB932E /* FirebaseAuth */,
				A2BB55D227FA2D6800FB932E /* FirebaseFirestore */,
			);
			productName = MarvelChallengeIT;
			productReference = A2BB55AE27F8793A00FB932E /* MarvelChallengeIT.app */;
			productType = "com.apple.product-type.application";
		};
/* End PBXNativeTarget section */

/* Begin PBXProject section */
		A2BB55A627F8793A00FB932E /* Project object */ = {
			isa = PBXProject;
			attributes = {
				BuildIndependentTargetsInParallel = 1;
				LastSwiftUpdateCheck = 1330;
				LastUpgradeCheck = 1330;
				TargetAttributes = {
					A2BB55AD27F8793A00FB932E = {
						CreatedOnToolsVersion = 13.3;
					};
				};
			};
			buildConfigurationList = A2BB55A927F8793A00FB932E /* Build configuration list for PBXProject "MarvelChallengeIT" */;
			compatibilityVersion = "Xcode 13.0";
			developmentRegion = en;
			hasScannedForEncodings = 0;
			knownRegions = (
				en,
				Base,
			);
			mainGroup = A2BB55A527F8793A00FB932E;
			packageReferences = (
				A2BB55CF27FA2D6800FB932E /* XCRemoteSwiftPackageReference "firebase-ios-sdk" */,
			);
			productRefGroup = A2BB55AF27F8793A00FB932E /* Products */;
			projectDirPath = "";
			projectRoot = "";
			targets = (
				A2BB55AD27F8793A00FB932E /* MarvelChallengeIT */,
			);
		};
/* End PBXProject section */

/* Begin PBXResourcesBuildPhase section */
		A2BB55AC27F8793A00FB932E /* Resources */ = {
			isa = PBXResourcesBuildPhase;
			buildActionMask = 2147483647;
			files = (
				A2BB55BE27F8794000FB932E /* LaunchScreen.storyboard in Resources */,
				A2BB55CE27FA2B8A00FB932E /* GoogleService-Info.plist in Resources */,
				A2BB55E727FB843E00FB932E /* CharacterCell.xib in Resources */,
				A2BB55BB27F8794000FB932E /* Assets.xcassets in Resources */,
				A2BB55B927F8793A00FB932E /* Main.storyboard in Resources */,
			);
			runOnlyForDeploymentPostprocessing = 0;
		};
/* End PBXResourcesBuildPhase section */

/* Begin PBXSourcesBuildPhase section */
		A2BB55AA27F8793A00FB932E /* Sources */ = {
			isa = PBXSourcesBuildPhase;
			buildActionMask = 2147483647;
			files = (
				A2BB55B627F8793A00FB932E /* SignInViewController.swift in Sources */,
				A2BB55B227F8793A00FB932E /* AppDelegate.swift in Sources */,
				A2BB55D927FA4C2900FB932E /* MarvelManager.swift in Sources */,
				A2BB55E627FB843E00FB932E /* CharacterCell.swift in Sources */,
				A2BB55CA27FA281E00FB932E /* HeroesViewController.swift in Sources */,
				A2BB55DB27FA4CB200FB932E /* MarvelCharacterData.swift in Sources */,
				A2BB55DF27FB242800FB932E /* CharacterModel.swift in Sources */,
				A2BB55B427F8793A00FB932E /* SceneDelegate.swift in Sources */,
				A2BB55DD27FA6DC700FB932E /* MarvelEventsData.swift in Sources */,
				A2BB55E327FB30B100FB932E /* EventsModel.swift in Sources */,
				A2BB55E127FB2F4000FB932E /* EventsViewController.swift in Sources */,
			);
			runOnlyForDeploymentPostprocessing = 0;
		};
/* End PBXSourcesBuildPhase section */

/* Begin PBXVariantGroup section */
		A2BB55B727F8793A00FB932E /* Main.storyboard */ = {
			isa = PBXVariantGroup;
			children = (
				A2BB55B827F8793A00FB932E /* Base */,
			);
			name = Main.storyboard;
			sourceTree = "<group>";
		};
		A2BB55BC27F8794000FB932E /* LaunchScreen.storyboard */ = {
			isa = PBXVariantGroup;
			children = (
				A2BB55BD27F8794000FB932E /* Base */,
			);
			name = LaunchScreen.storyboard;
			sourceTree = "<group>";
		};
/* End PBXVariantGroup section */

/* Begin XCBuildConfiguration section */
		A2BB55C027F8794000FB932E /* Debug */ = {
			isa = XCBuildConfiguration;
			buildSettings = {
				ALWAYS_SEARCH_USER_PATHS = NO;
				CLANG_ANALYZER_NONNULL = YES;
				CLANG_ANALYZER_NUMBER_OBJECT_CONVERSION = YES_AGGRESSIVE;
				CLANG_CXX_LANGUAGE_STANDARD = "gnu++17";
				CLANG_ENABLE_MODULES = YES;
				CLANG_ENABLE_OBJC_ARC = YES;
				CLANG_ENABLE_OBJC_WEAK = YES;
				CLANG_WARN_BLOCK_CAPTURE_AUTORELEASING = YES;
				CLANG_WARN_BOOL_CONVERSION = YES;
				CLANG_WARN_COMMA = YES;
				CLANG_WARN_CONSTANT_CONVERSION = YES;
				CLANG_WARN_DEPRECATED_OBJC_IMPLEMENTATIONS = YES;
				CLANG_WARN_DIRECT_OBJC_ISA_USAGE = YES_ERROR;
				CLANG_WARN_DOCUMENTATION_COMMENTS = YES;
				CLANG_WARN_EMPTY_BODY = YES;
				CLANG_WARN_ENUM_CONVERSION = YES;
				CLANG_WARN_INFINITE_RECURSION = YES;
				CLANG_WARN_INT_CONVERSION = YES;
				CLANG_WARN_NON_LITERAL_NULL_CONVERSION = YES;
				CLANG_WARN_OBJC_IMPLICIT_RETAIN_SELF = YES;
				CLANG_WARN_OBJC_LITERAL_CONVERSION = YES;
				CLANG_WARN_OBJC_ROOT_CLASS = YES_ERROR;
				CLANG_WARN_QUOTED_INCLUDE_IN_FRAMEWORK_HEADER = YES;
				CLANG_WARN_RANGE_LOOP_ANALYSIS = YES;
				CLANG_WARN_STRICT_PROTOTYPES = YES;
				CLANG_WARN_SUSPICIOUS_MOVE = YES;
				CLANG_WARN_UNGUARDED_AVAILABILITY = YES_AGGRESSIVE;
				CLANG_WARN_UNREACHABLE_CODE = YES;
				CLANG_WARN__DUPLICATE_METHOD_MATCH = YES;
				COPY_PHASE_STRIP = NO;
				DEBUG_INFORMATION_FORMAT = dwarf;
				ENABLE_STRICT_OBJC_MSGSEND = YES;
				ENABLE_TESTABILITY = YES;
				GCC_C_LANGUAGE_STANDARD = gnu11;
				GCC_DYNAMIC_NO_PIC = NO;
				GCC_NO_COMMON_BLOCKS = YES;
				GCC_OPTIMIZATION_LEVEL = 0;
				GCC_PREPROCESSOR_DEFINITIONS = (
					"DEBUG=1",
					"$(inherited)",
				);
				GCC_WARN_64_TO_32_BIT_CONVERSION = YES;
				GCC_WARN_ABOUT_RETURN_TYPE = YES_ERROR;
				GCC_WARN_UNDECLARED_SELECTOR = YES;
				GCC_WARN_UNINITIALIZED_AUTOS = YES_AGGRESSIVE;
				GCC_WARN_UNUSED_FUNCTION = YES;
				GCC_WARN_UNUSED_VARIABLE = YES;
				IPHONEOS_DEPLOYMENT_TARGET = 15.4;
				MTL_ENABLE_DEBUG_INFO = INCLUDE_SOURCE;
				MTL_FAST_MATH = YES;
				ONLY_ACTIVE_ARCH = YES;
				SDKROOT = iphoneos;
				SWIFT_ACTIVE_COMPILATION_CONDITIONS = DEBUG;
				SWIFT_OPTIMIZATION_LEVEL = "-Onone";
			};
			name = Debug;
		};
		A2BB55C127F8794000FB932E /* Release */ = {
			isa = XCBuildConfiguration;
			buildSettings = {
				ALWAYS_SEARCH_USER_PATHS = NO;
				CLANG_ANALYZER_NONNULL = YES;
				CLANG_ANALYZER_NUMBER_OBJECT_CONVERSION = YES_AGGRESSIVE;
				CLANG_CXX_LANGUAGE_STANDARD = "gnu++17";
				CLANG_ENABLE_MODULES = YES;
				CLANG_ENABLE_OBJC_ARC = YES;
				CLANG_ENABLE_OBJC_WEAK = YES;
				CLANG_WARN_BLOCK_CAPTURE_AUTORELEASING = YES;
				CLANG_WARN_BOOL_CONVERSION = YES;
				CLANG_WARN_COMMA = YES;
				CLANG_WARN_CONSTANT_CONVERSION = YES;
				CLANG_WARN_DEPRECATED_OBJC_IMPLEMENTATIONS = YES;
				CLANG_WARN_DIRECT_OBJC_ISA_USAGE = YES_ERROR;
				CLANG_WARN_DOCUMENTATION_COMMENTS = YES;
				CLANG_WARN_EMPTY_BODY = YES;
				CLANG_WARN_ENUM_CONVERSION = YES;
				CLANG_WARN_INFINITE_RECURSION = YES;
				CLANG_WARN_INT_CONVERSION = YES;
				CLANG_WARN_NON_LITERAL_NULL_CONVERSION = YES;
				CLANG_WARN_OBJC_IMPLICIT_RETAIN_SELF = YES;
				CLANG_WARN_OBJC_LITERAL_CONVERSION = YES;
				CLANG_WARN_OBJC_ROOT_CLASS = YES_ERROR;
				CLANG_WARN_QUOTED_INCLUDE_IN_FRAMEWORK_HEADER = YES;
				CLANG_WARN_RANGE_LOOP_ANALYSIS = YES;
				CLANG_WARN_STRICT_PROTOTYPES = YES;
				CLANG_WARN_SUSPICIOUS_MOVE = YES;
				CLANG_WARN_UNGUARDED_AVAILABILITY = YES_AGGRESSIVE;
				CLANG_WARN_UNREACHABLE_CODE = YES;
				CLANG_WARN__DUPLICATE_METHOD_MATCH = YES;
				COPY_PHASE_STRIP = NO;
				DEBUG_INFORMATION_FORMAT = "dwarf-with-dsym";
				ENABLE_NS_ASSERTIONS = NO;
				ENABLE_STRICT_OBJC_MSGSEND = YES;
				GCC_C_LANGUAGE_STANDARD = gnu11;
				GCC_NO_COMMON_BLOCKS = YES;
				GCC_WARN_64_TO_32_BIT_CONVERSION = YES;
				GCC_WARN_ABOUT_RETURN_TYPE = YES_ERROR;
				GCC_WARN_UNDECLARED_SELECTOR = YES;
				GCC_WARN_UNINITIALIZED_AUTOS = YES_AGGRESSIVE;
				GCC_WARN_UNUSED_FUNCTION = YES;
				GCC_WARN_UNUSED_VARIABLE = YES;
				IPHONEOS_DEPLOYMENT_TARGET = 15.4;
				MTL_ENABLE_DEBUG_INFO = NO;
				MTL_FAST_MATH = YES;
				SDKROOT = iphoneos;
				SWIFT_COMPILATION_MODE = wholemodule;
				SWIFT_OPTIMIZATION_LEVEL = "-O";
				VALIDATE_PRODUCT = YES;
			};
			name = Release;
		};
		A2BB55C327F8794000FB932E /* Debug */ = {
			isa = XCBuildConfiguration;
			buildSettings = {
				ASSETCATALOG_COMPILER_APPICON_NAME = AppIcon;
				ASSETCATALOG_COMPILER_GLOBAL_ACCENT_COLOR_NAME = AccentColor;
				CODE_SIGN_STYLE = Automatic;
				CURRENT_PROJECT_VERSION = 1;
				DEVELOPMENT_TEAM = TWCA54VAW5;
				GENERATE_INFOPLIST_FILE = YES;
				INFOPLIST_FILE = MarvelChallengeIT/Info.plist;
				INFOPLIST_KEY_UIApplicationSupportsIndirectInputEvents = YES;
				INFOPLIST_KEY_UILaunchStoryboardName = LaunchScreen;
				INFOPLIST_KEY_UIMainStoryboardFile = Main;
				INFOPLIST_KEY_UISupportedInterfaceOrientations_iPad = "UIInterfaceOrientationPortrait UIInterfaceOrientationPortraitUpsideDown UIInterfaceOrientationLandscapeLeft UIInterfaceOrientationLandscapeRight";
				INFOPLIST_KEY_UISupportedInterfaceOrientations_iPhone = "UIInterfaceOrientationPortrait UIInterfaceOrientationLandscapeLeft UIInterfaceOrientationLandscapeRight";
				LD_RUNPATH_SEARCH_PATHS = (
					"$(inherited)",
					"@executable_path/Frameworks",
				);
				MARKETING_VERSION = 1.0;
				PRODUCT_BUNDLE_IDENTIFIER = com.santiagorodriguezaffonso.MarvelChallengeIT;
				PRODUCT_NAME = "$(TARGET_NAME)";
				SWIFT_EMIT_LOC_STRINGS = YES;
				SWIFT_VERSION = 5.0;
				TARGETED_DEVICE_FAMILY = "1,2";
			};
			name = Debug;
		};
		A2BB55C427F8794000FB932E /* Release */ = {
			isa = XCBuildConfiguration;
			buildSettings = {
				ASSETCATALOG_COMPILER_APPICON_NAME = AppIcon;
				ASSETCATALOG_COMPILER_GLOBAL_ACCENT_COLOR_NAME = AccentColor;
				CODE_SIGN_STYLE = Automatic;
				CURRENT_PROJECT_VERSION = 1;
				DEVELOPMENT_TEAM = TWCA54VAW5;
				GENERATE_INFOPLIST_FILE = YES;
				INFOPLIST_FILE = MarvelChallengeIT/Info.plist;
				INFOPLIST_KEY_UIApplicationSupportsIndirectInputEvents = YES;
				INFOPLIST_KEY_UILaunchStoryboardName = LaunchScreen;
				INFOPLIST_KEY_UIMainStoryboardFile = Main;
				INFOPLIST_KEY_UISupportedInterfaceOrientations_iPad = "UIInterfaceOrientationPortrait UIInterfaceOrientationPortraitUpsideDown UIInterfaceOrientationLandscapeLeft UIInterfaceOrientationLandscapeRight";
				INFOPLIST_KEY_UISupportedInterfaceOrientations_iPhone = "UIInterfaceOrientationPortrait UIInterfaceOrientationLandscapeLeft UIInterfaceOrientationLandscapeRight";
				LD_RUNPATH_SEARCH_PATHS = (
					"$(inherited)",
					"@executable_path/Frameworks",
				);
				MARKETING_VERSION = 1.0;
				PRODUCT_BUNDLE_IDENTIFIER = com.santiagorodriguezaffonso.MarvelChallengeIT;
				PRODUCT_NAME = "$(TARGET_NAME)";
				SWIFT_EMIT_LOC_STRINGS = YES;
				SWIFT_VERSION = 5.0;
				TARGETED_DEVICE_FAMILY = "1,2";
			};
			name = Release;
		};
/* End XCBuildConfiguration section */

/* Begin XCConfigurationList section */
		A2BB55A927F8793A00FB932E /* Build configuration list for PBXProject "MarvelChallengeIT" */ = {
			isa = XCConfigurationList;
			buildConfigurations = (
				A2BB55C027F8794000FB932E /* Debug */,
				A2BB55C127F8794000FB932E /* Release */,
			);
			defaultConfigurationIsVisible = 0;
			defaultConfigurationName = Release;
		};
		A2BB55C227F8794000FB932E /* Build configuration list for PBXNativeTarget "MarvelChallengeIT" */ = {
			isa = XCConfigurationList;
			buildConfigurations = (
				A2BB55C327F8794000FB932E /* Debug */,
				A2BB55C427F8794000FB932E /* Release */,
			);
			defaultConfigurationIsVisible = 0;
			defaultConfigurationName = Release;
		};
/* End XCConfigurationList section */

/* Begin XCRemoteSwiftPackageReference section */
		A2BB55CF27FA2D6800FB932E /* XCRemoteSwiftPackageReference "firebase-ios-sdk" */ = {
			isa = XCRemoteSwiftPackageReference;
			repositoryURL = "https://github.com/firebase/firebase-ios-sdk";
			requirement = {
				kind = upToNextMinorVersion;
				minimumVersion = 8.9.0;
			};
		};
/* End XCRemoteSwiftPackageReference section */

/* Begin XCSwiftPackageProductDependency section */
		A2BB55D027FA2D6800FB932E /* FirebaseAuth */ = {
			isa = XCSwiftPackageProductDependency;
			package = A2BB55CF27FA2D6800FB932E /* XCRemoteSwiftPackageReference "firebase-ios-sdk" */;
			productName = FirebaseAuth;
		};
		A2BB55D227FA2D6800FB932E /* FirebaseFirestore */ = {
			isa = XCSwiftPackageProductDependency;
			package = A2BB55CF27FA2D6800FB932E /* XCRemoteSwiftPackageReference "firebase-ios-sdk" */;
			productName = FirebaseFirestore;
		};
/* End XCSwiftPackageProductDependency section */
	};
	rootObject = A2BB55A627F8793A00FB932E /* Project object */;
}
